%{"cowboy": {:package, "1.0.0"},
  "cowlib": {:package, "1.0.0"},
  "decimal": {:package, "0.2.5"},
  "ecto": {:package, "0.2.5"},
  "ecto_riak_adapter": {:git, "/Users/HashNuke/projects/ecto_riak_adapter", "f95d378cebdb04f2bcaec74d070dc27b6185a3c6", [branch: "master"]},
  "meck": {:git, "git://github.com/basho/meck.git", "d4730c6d47e437b1dcd170551506e7b10596cd5a", [tag: "0.8.1p1"]},
  "plug": {:package, "0.7.0"},
  "poison": {:git, "git://github.com/devinus/poison.git", "7d78c836fcd535f4277ab0a19903c18f04104e2d", []},
  "poolboy": {:package, "1.2.1"},
  "postgrex": {:package, "0.6.0"},
  "protobuffs": {:git, "git://github.com/basho/erlang_protobuffs.git", "5257dfe4e000b58487af89b849c7336ffa9bae82", [tag: "0.8.1p4"]},
  "ranch": {:package, "1.0.0"},
  "riak_pb": {:git, "git://github.com/HashNuke/riak_pb.git", "cf2c1321521880719ae8ba8ba534cef173d8eba1", [branch: "plugin-fix-for-rebar-2.5.1"]},
  "riakc": {:git, "git://github.com/basho/riak-erlang-client.git", "6771318208acc9afc61a918194dcd450e5e8cc7d", []}}
